// !$*UTF8*$!
{
	archiveVersion = 1;
	classes = {
	};
	objectVersion = 46;
	objects = {

/* Begin PBXBuildFile section */
		AAD1441E1BEAC4060084E974 /* main.m in Sources */ = {isa = PBXBuildFile; fileRef = AAD1441D1BEAC4060084E974 /* main.m */; };
		AAD144211BEAC4060084E974 /* AppDelegate.m in Sources */ = {isa = PBXBuildFile; fileRef = AAD144201BEAC4060084E974 /* AppDelegate.m */; };
		AAD144241BEAC4060084E974 /* ViewController.m in Sources */ = {isa = PBXBuildFile; fileRef = AAD144231BEAC4060084E974 /* ViewController.m */; };
		AAD144271BEAC4060084E974 /* Main.storyboard in Resources */ = {isa = PBXBuildFile; fileRef = AAD144251BEAC4060084E974 /* Main.storyboard */; };
		AAD144291BEAC4060084E974 /* Assets.xcassets in Resources */ = {isa = PBXBuildFile; fileRef = AAD144281BEAC4060084E974 /* Assets.xcassets */; };
		AAD1442C1BEAC4060084E974 /* LaunchScreen.storyboard in Resources */ = {isa = PBXBuildFile; fileRef = AAD1442A1BEAC4060084E974 /* LaunchScreen.storyboard */; };
/* End PBXBuildFile section */

/* Begin PBXFileReference section */
		AAD144191BEAC4060084E974 /* AFNetworkingTest.app */ = {isa = PBXFileReference; explicitFileType = wrapper.application; includeInIndex = 0; path = AFNetworkingTest.app; sourceTree = BUILT_PRODUCTS_DIR; };
		AAD1441D1BEAC4060084E974 /* main.m */ = {isa = PBXFileReference; lastKnownFileType = sourcecode.c.objc; path = main.m; sourceTree = "<group>"; };
		AAD1441F1BEAC4060084E974 /* AppDelegate.h */ = {isa = PBXFileReference; lastKnownFileType = sourcecode.c.h; path = AppDelegate.h; sourceTree = "<group>"; };
		AAD144201BEAC4060084E974 /* AppDelegate.m */ = {isa = PBXFileReference; lastKnownFileType = sourcecode.c.objc; path = AppDelegate.m; sourceTree = "<group>"; };
		AAD144221BEAC4060084E974 /* ViewController.h */ = {isa = PBXFileReference; lastKnownFileType = sourcecode.c.h; path = ViewController.h; sourceTree = "<group>"; };
		AAD144231BEAC4060084E974 /* ViewController.m */ = {isa = PBXFileReference; lastKnownFileType = sourcecode.c.objc; path = ViewController.m; sourceTree = "<group>"; };
		AAD144261BEAC4060084E974 /* Base */ = {isa = PBXFileReference; lastKnownFileType = file.storyboard; name = Base; path = Base.lproj/Main.storyboard; sourceTree = "<group>"; };
		AAD144281BEAC4060084E974 /* Assets.xcassets */ = {isa = PBXFileReference; lastKnownFileType = folder.assetcatalog; path = Assets.xcassets; sourceTree = "<group>"; };
		AAD1442B1BEAC4060084E974 /* Base */ = {isa = PBXFileReference; lastKnownFileType = file.storyboard; name = Base; path = Base.lproj/LaunchScreen.storyboard; sourceTree = "<group>"; };
		AAD1442D1BEAC4060084E974 /* Info.plist */ = {isa = PBXFileReference; lastKnownFileType = text.plist.xml; path = Info.plist; sourceTree = "<group>"; };
/* End PBXFileReference section */

/* Begin PBXFrameworksBuildPhase section */
		AAD144161BEAC4060084E974 /* Frameworks */ = {
			isa = PBXFrameworksBuildPhase;
			buildActionMask = 2147483647;
			files = (
			);
			runOnlyForDeploymentPostprocessing = 0;
		};
/* End PBXFrameworksBuildPhase section */

/* Begin PBXGroup section */
		AAD144101BEAC4060084E974 = {
			isa = PBXGroup;
			children = (
				AAD1441B1BEAC4060084E974 /* AFNetworkingTest */,
				AAD1441A1BEAC4060084E974 /* Products */,
			);
			sourceTree = "<group>";
		};
		AAD1441A1BEAC4060084E974 /* Products */ = {
			isa = PBXGroup;
			children = (
				AAD144191BEAC4060084E974 /* AFNetworkingTest.app */,
			);
			name = Products;
			sourceTree = "<group>";
		};
		AAD1441B1BEAC4060084E974 /* AFNetworkingTest */ = {
			isa = PBXGroup;
			children = (
				AAD1441F1BEAC4060084E974 /* AppDelegate.h */,
				AAD144201BEAC4060084E974 /* AppDelegate.m */,
				AAD144221BEAC4060084E974 /* ViewController.h */,
				AAD144231BEAC4060084E974 /* ViewController.m */,
				AAD144251BEAC4060084E974 /* Main.storyboard */,
				AAD144281BEAC4060084E974 /* Assets.xcassets */,
				AAD1442A1BEAC4060084E974 /* LaunchScreen.storyboard */,
				AAD1442D1BEAC4060084E974 /* Info.plist */,
				AAD1441C1BEAC4060084E974 /* Supporting Files */,
			);
			path = AFNetworkingTest;
			sourceTree = "<group>";
		};
		AAD1441C1BEAC4060084E974 /* Supporting Files */ = {
			isa = PBXGroup;
			children = (
				AAD1441D1BEAC4060084E974 /* main.m */,
			);
			name = "Supporting Files";
			sourceTree = "<group>";
		};
/* End PBXGroup section */

/* Begin PBXNativeTarget section */
		AAD144181BEAC4060084E974 /* AFNetworkingTest */ = {
			isa = PBXNativeTarget;
			buildConfigurationList = AAD144301BEAC4060084E974 /* Build configuration list for PBXNativeTarget "AFNetworkingTest" */;
			buildPhases = (
				AAD144151BEAC4060084E974 /* Sources */,
				AAD144161BEAC4060084E974 /* Frameworks */,
				AAD144171BEAC4060084E974 /* Resources */,
			);
			buildRules = (
			);
			dependencies = (
			);
			name = AFNetworkingTest;
			productName = AFNetworkingTest;
			productReference = AAD144191BEAC4060084E974 /* AFNetworkingTest.app */;
			productType = "com.apple.product-type.application";
		};
/* End PBXNativeTarget section */

/* Begin PBXProject section */
		AAD144111BEAC4060084E974 /* Project object */ = {
			isa = PBXProject;
			attributes = {
				LastUpgradeCheck = 0710;
				ORGANIZATIONNAME = "8tracks, Inc";
				TargetAttributes = {
					AAD144181BEAC4060084E974 = {
						CreatedOnToolsVersion = 7.1;
					};
				};
			};
			buildConfigurationList = AAD144141BEAC4060084E974 /* Build configuration list for PBXProject "AFNetworkingTest" */;
			compatibilityVersion = "Xcode 3.2";
			developmentRegion = English;
			hasScannedForEncodings = 0;
			knownRegions = (
				en,
				Base,
			);
			mainGroup = AAD144101BEAC4060084E974;
			productRefGroup = AAD1441A1BEAC4060084E974 /* Products */;
			projectDirPath = "";
			projectRoot = "";
			targets = (
				AAD144181BEAC4060084E974 /* AFNetworkingTest */,
			);
		};
/* End PBXProject section */

/* Begin PBXResourcesBuildPhase section */
		AAD144171BEAC4060084E974 /* Resources */ = {
			isa = PBXResourcesBuildPhase;
			buildActionMask = 2147483647;
			files = (
				AAD1442C1BEAC4060084E974 /* LaunchScreen.storyboard in Resources */,
				AAD144291BEAC4060084E974 /* Assets.xcassets in Resources */,
				AAD144271BEAC4060084E974 /* Main.storyboard in Resources */,
			);
			runOnlyForDeploymentPostprocessing = 0;
		};
/* End PBXResourcesBuildPhase section */

/* Begin PBXSourcesBuildPhase section */
		AAD144151BEAC4060084E974 /* Sources */ = {
			isa = PBXSourcesBuildPhase;
			buildActionMask = 2147483647;
			files = (
				AAD144241BEAC4060084E974 /* ViewController.m in Sources */,
				AAD144211BEAC4060084E974 /* AppDelegate.m in Sources */,
				AAD1441E1BEAC4060084E974 /* main.m in Sources */,
			);
			runOnlyForDeploymentPostprocessing = 0;
		};
/* End PBXSourcesBuildPhase section */

/* Begin PBXVariantGroup section */
		AAD144251BEAC4060084E974 /* Main.storyboard */ = {
			isa = PBXVariantGroup;
			children = (
				AAD144261BEAC4060084E974 /* Base */,
			);
			name = Main.storyboard;
			sourceTree = "<group>";
		};
		AAD1442A1BEAC4060084E974 /* LaunchScreen.storyboard */ = {
			isa = PBXVariantGroup;
			children = (
				AAD1442B1BEAC4060084E974 /* Base */,
			);
			name = LaunchScreen.storyboard;
			sourceTree = "<group>";
		};
/* End PBXVariantGroup section */

/* Begin XCBuildConfiguration section */
		AAD1442E1BEAC4060084E974 /* Debug */ = {
			isa = XCBuildConfiguration;
			buildSettings = {
				ALWAYS_SEARCH_USER_PATHS = NO;
				CLANG_CXX_LANGUAGE_STANDARD = "gnu++0x";
				CLANG_CXX_LIBRARY = "libc++";
				CLANG_ENABLE_MODULES = YES;
				CLANG_ENABLE_OBJC_ARC = YES;
				CLANG_WARN_BOOL_CONVERSION = YES;
				CLANG_WARN_CONSTANT_CONVERSION = YES;
				CLANG_WARN_DIRECT_OBJC_ISA_USAGE = YES_ERROR;
				CLANG_WARN_EMPTY_BODY = YES;
				CLANG_WARN_ENUM_CONVERSION = YES;
				CLANG_WARN_INT_CONVERSION = YES;
				CLANG_WARN_OBJC_ROOT_CLASS = YES_ERROR;
				CLANG_WARN_UNREACHABLE_CODE = YES;
				CLANG_WARN__DUPLICATE_METHOD_MATCH = YES;
				"CODE_SIGN_IDENTITY[sdk=iphoneos*]" = "iPhone Developer";
				COPY_PHASE_STRIP = NO;
				DEBUG_INFORMATION_FORMAT = dwarf;
				ENABLE_STRICT_OBJC_MSGSEND = YES;
				ENABLE_TESTABILITY = YES;
				GCC_C_LANGUAGE_STANDARD = gnu99;
				GCC_DYNAMIC_NO_PIC = NO;
				GCC_NO_COMMON_BLOCKS = YES;
				GCC_OPTIMIZATION_LEVEL = 0;
				GCC_PREPROCESSOR_DEFINITIONS = (
					"DEBUG=1",
					"$(inherited)",
				);
				GCC_WARN_64_TO_32_BIT_CONVERSION = YES;
				GCC_WARN_ABOUT_RETURN_TYPE = YES_ERROR;
				GCC_WARN_UNDECLARED_SELECTOR = YES;
				GCC_WARN_UNINITIALIZED_AUTOS = YES_AGGRESSIVE;
				GCC_WARN_UNUSED_FUNCTION = YES;
				GCC_WARN_UNUSED_VARIABLE = YES;
				IPHONEOS_DEPLOYMENT_TARGET = 9.1;
				MTL_ENABLE_DEBUG_INFO = YES;
				ONLY_ACTIVE_ARCH = YES;
				SDKROOT = iphoneos;
			};
			name = Debug;
		};
		AAD1442F1BEAC4060084E974 /* Release */ = {
			isa = XCBuildConfiguration;
			buildSettings = {
				ALWAYS_SEARCH_USER_PATHS = NO;
				CLANG_CXX_LANGUAGE_STANDARD = "gnu++0x";
				CLANG_CXX_LIBRARY = "libc++";
				CLANG_ENABLE_MODULES = YES;
				CLANG_ENABLE_OBJC_ARC = YES;
				CLANG_WARN_BOOL_CONVERSION = YES;
				CLANG_WARN_CONSTANT_CONVERSION = YES;
				CLANG_WARN_DIRECT_OBJC_ISA_USAGE = YES_ERROR;
				CLANG_WARN_EMPTY_BODY = YES;
				CLANG_WARN_ENUM_CONVERSION = YES;
				CLANG_WARN_INT_CONVERSION = YES;
				CLANG_WARN_OBJC_ROOT_CLASS = YES_ERROR;
				CLANG_WARN_UNREACHABLE_CODE = YES;
				CLANG_WARN__DUPLICATE_METHOD_MATCH = YES;
				"CODE_SIGN_IDENTITY[sdk=iphoneos*]" = "iPhone Developer";
				COPY_PHASE_STRIP = NO;
				DEBUG_INFORMATION_FORMAT = "dwarf-with-dsym";
				ENABLE_NS_ASSERTIONS = NO;
				ENABLE_STRICT_OBJC_MSGSEND = YES;
				GCC_C_LANGUAGE_STANDARD = gnu99;
				GCC_NO_COMMON_BLOCKS = YES;
				GCC_WARN_64_TO_32_BIT_CONVERSION = YES;
				GCC_WARN_ABOUT_RETURN_TYPE = YES_ERROR;
				GCC_WARN_UNDECLARED_SELECTOR = YES;
				GCC_WARN_UNINITIALIZED_AUTOS = YES_AGGRESSIVE;
				GCC_WARN_UNUSED_FUNCTION = YES;
				GCC_WARN_UNUSED_VARIABLE = YES;
				IPHONEOS_DEPLOYMENT_TARGET = 9.1;
				MTL_ENABLE_DEBUG_INFO = NO;
				SDKROOT = iphoneos;
				VALIDATE_PRODUCT = YES;
			};
			name = Release;
		};
		AAD144311BEAC4060084E974 /* Debug */ = {
			isa = XCBuildConfiguration;
			buildSettings = {
				ASSETCATALOG_COMPILER_APPICON_NAME = AppIcon;
				INFOPLIST_FILE = AFNetworkingTest/Info.plist;
				LD_RUNPATH_SEARCH_PATHS = "$(inherited) @executable_path/Frameworks";
				PRODUCT_BUNDLE_IDENTIFIER = edu.self.AFNetworkingTest;
				PRODUCT_NAME = "$(TARGET_NAME)";
			};
			name = Debug;
		};
		AAD144321BEAC4060084E974 /* Release */ = {
			isa = XCBuildConfiguration;
			buildSettings = {
				ASSETCATALOG_COMPILER_APPICON_NAME = AppIcon;
				INFOPLIST_FILE = AFNetworkingTest/Info.plist;
				LD_RUNPATH_SEARCH_PATHS = "$(inherited) @executable_path/Frameworks";
				PRODUCT_BUNDLE_IDENTIFIER = edu.self.AFNetworkingTest;
				PRODUCT_NAME = "$(TARGET_NAME)";
			};
			name = Release;
		};
/* End XCBuildConfiguration section */

/* Begin XCConfigurationList section */
		AAD144141BEAC4060084E974 /* Build configuration list for PBXProject "AFNetworkingTest" */ = {
			isa = XCConfigurationList;
			buildConfigurations = (
				AAD1442E1BEAC4060084E974 /* Debug */,
				AAD1442F1BEAC4060084E974 /* Release */,
			);
			defaultConfigurationIsVisible = 0;
			defaultConfigurationName = Release;
		};
		AAD144301BEAC4060084E974 /* Build configuration list for PBXNativeTarget "AFNetworkingTest" */ = {
			isa = XCConfigurationList;
			buildConfigurations = (
				AAD144311BEAC4060084E974 /* Debug */,
				AAD144321BEAC4060084E974 /* Release */,
			);
			defaultConfigurationIsVisible = 0;
		};
/* End XCConfigurationList section */
	};
	rootObject = AAD144111BEAC4060084E974 /* Project object */;
}
